
Microsoft Visual Studio Solution File, Format Version 12.00
# Visual Studio Version 17
VisualStudioVersion = 17.0.32014.148
MinimumVisualStudioVersion = 10.0.40219.1
Project("{9A19103F-16F7-4668-BE54-9A1E7A4F7556}") = "Portfolio.WebUI", "Portfolio.WebUI\Portfolio.WebUI.csproj", "{4DE8860B-6548-41B5-8438-4934F0C7205E}"
EndProject
Project("{FAE04EC0-301F-11D3-BF4B-00C04F79EFBC}") = "Portfolio.Domain", "Portfolio.Domain\Portfolio.Domain.csproj", "{A0A2ECBC-B8A9-4EB4-A335-FE9BFF984F50}"
EndProject
Global
	GlobalSection(SolutionConfigurationPlatforms) = preSolution
		Debug|Any CPU = Debug|Any CPU
		Release|Any CPU = Release|Any CPU
	EndGlobalSection
	GlobalSection(ProjectConfigurationPlatforms) = postSolution
		{4DE8860B-6548-41B5-8438-4934F0C7205E}.Debug|Any CPU.ActiveCfg = Debug|Any CPU
		{4DE8860B-6548-41B5-8438-4934F0C7205E}.Debug|Any CPU.Build.0 = Debug|Any CPU
		{4DE8860B-6548-41B5-8438-4934F0C7205E}.Release|Any CPU.ActiveCfg = Release|Any CPU
		{4DE8860B-6548-41B5-8438-4934F0C7205E}.Release|Any CPU.Build.0 = Release|Any CPU
		{A0A2ECBC-B8A9-4EB4-A335-FE9BFF984F50}.Debug|Any CPU.ActiveCfg = Debug|Any CPU
		{A0A2ECBC-B8A9-4EB4-A335-FE9BFF984F50}.Debug|Any CPU.Build.0 = Debug|Any CPU
		{A0A2ECBC-B8A9-4EB4-A335-FE9BFF984F50}.Release|Any CPU.ActiveCfg = Release|Any CPU
		{A0A2ECBC-B8A9-4EB4-A335-FE9BFF984F50}.Release|Any CPU.Build.0 = Release|Any CPU
	EndGlobalSection
	GlobalSection(SolutionProperties) = preSolution
		HideSolutionNode = FALSE
	EndGlobalSection
	GlobalSection(ExtensibilityGlobals) = postSolution
		SolutionGuid = {9ED0F430-0305-4B4C-9139-35B3B27A31C2}
	EndGlobalSection
EndGlobal
